// !$*UTF8*$!
{
	archiveVersion = 1;
	classes = {
	};
	objectVersion = 56;
	objects = {

/* Begin PBXBuildFile section */
		0F0C2B062A9790CB003B7418 /* AppDelegate.swift in Sources */ = {isa = PBXBuildFile; fileRef = 0F0C2B052A9790CB003B7418 /* AppDelegate.swift */; };
		0F0C2B082A9790CB003B7418 /* SceneDelegate.swift in Sources */ = {isa = PBXBuildFile; fileRef = 0F0C2B072A9790CB003B7418 /* SceneDelegate.swift */; };
		0F0C2B0F2A9790CD003B7418 /* Assets.xcassets in Resources */ = {isa = PBXBuildFile; fileRef = 0F0C2B0E2A9790CD003B7418 /* Assets.xcassets */; };
		0F0C2B122A9790CD003B7418 /* LaunchScreen.storyboard in Resources */ = {isa = PBXBuildFile; fileRef = 0F0C2B102A9790CD003B7418 /* LaunchScreen.storyboard */; };
		0F0C2B1B2A9798A0003B7418 /* Extentions.swift in Sources */ = {isa = PBXBuildFile; fileRef = 0F0C2B1A2A9798A0003B7418 /* Extentions.swift */; };
		0F0C2B2D2A979BF6003B7418 /* ProductListViewViewModel.swift in Sources */ = {isa = PBXBuildFile; fileRef = 0F0C2B2C2A979BF6003B7418 /* ProductListViewViewModel.swift */; };
		0F0C2B2F2A979C20003B7418 /* ProductCollectionViewCellViewModel.swift in Sources */ = {isa = PBXBuildFile; fileRef = 0F0C2B2E2A979C20003B7418 /* ProductCollectionViewCellViewModel.swift */; };
		0F0C2B352A979CED003B7418 /* ProductListView.swift in Sources */ = {isa = PBXBuildFile; fileRef = 0F0C2B342A979CED003B7418 /* ProductListView.swift */; };
		0F0C2B372A979D29003B7418 /* ProductCollectionViewCell.swift in Sources */ = {isa = PBXBuildFile; fileRef = 0F0C2B362A979D29003B7418 /* ProductCollectionViewCell.swift */; };
		0F0C2B392A979EC8003B7418 /* ProductViewController.swift in Sources */ = {isa = PBXBuildFile; fileRef = 0F0C2B382A979EC8003B7418 /* ProductViewController.swift */; };
		0F0C2B3B2A979EFF003B7418 /* ProductDetailViewController.swift in Sources */ = {isa = PBXBuildFile; fileRef = 0F0C2B3A2A979EFF003B7418 /* ProductDetailViewController.swift */; };
		0F0C2B4F2A98B27E003B7418 /* Endpoint.swift in Sources */ = {isa = PBXBuildFile; fileRef = 0F0C2B4E2A98B27E003B7418 /* Endpoint.swift */; };
		0F0C2B512A98B2E0003B7418 /* DetailProduct.swift in Sources */ = {isa = PBXBuildFile; fileRef = 0F0C2B502A98B2E0003B7418 /* DetailProduct.swift */; };
		0F0C2B532A98B387003B7418 /* Request.swift in Sources */ = {isa = PBXBuildFile; fileRef = 0F0C2B522A98B387003B7418 /* Request.swift */; };
		0F0C2B552A98B393003B7418 /* Service.swift in Sources */ = {isa = PBXBuildFile; fileRef = 0F0C2B542A98B393003B7418 /* Service.swift */; };
		0F0C2B622A9A390E003B7418 /* GetAllProductsResponse.swift in Sources */ = {isa = PBXBuildFile; fileRef = 0F0C2B612A9A390D003B7418 /* GetAllProductsResponse.swift */; };
		0F0C2B682A9CE76A003B7418 /* ProductDetailViewViewModel.swift in Sources */ = {isa = PBXBuildFile; fileRef = 0F0C2B672A9CE76A003B7418 /* ProductDetailViewViewModel.swift */; };
		0F0C2B6C2A9DC5E3003B7418 /* APICacheManager.swift in Sources */ = {isa = PBXBuildFile; fileRef = 0F0C2B6B2A9DC5E3003B7418 /* APICacheManager.swift */; };
		0F15837B2A9FAE4D00EF3A45 /* RetryButton.swift in Sources */ = {isa = PBXBuildFile; fileRef = 0F15837A2A9FAE4D00EF3A45 /* RetryButton.swift */; };
		0F15837D2A9FB4CB00EF3A45 /* SnackbarView.swift in Sources */ = {isa = PBXBuildFile; fileRef = 0F15837C2A9FB4CB00EF3A45 /* SnackbarView.swift */; };
		0F25ECE62A9DE4020085E534 /* ProductDetailView.swift in Sources */ = {isa = PBXBuildFile; fileRef = 0F25ECE52A9DE4020085E534 /* ProductDetailView.swift */; };
		69A0CACC08D07048C9D3AC93 /* Pods_AvitoTestApp.framework in Frameworks */ = {isa = PBXBuildFile; fileRef = 8CBF40AA47B401966BC7137B /* Pods_AvitoTestApp.framework */; };
/* End PBXBuildFile section */

/* Begin PBXFileReference section */
		0F0C2B022A9790CB003B7418 /* AvitoTestApp.app */ = {isa = PBXFileReference; explicitFileType = wrapper.application; includeInIndex = 0; path = AvitoTestApp.app; sourceTree = BUILT_PRODUCTS_DIR; };
		0F0C2B052A9790CB003B7418 /* AppDelegate.swift */ = {isa = PBXFileReference; lastKnownFileType = sourcecode.swift; path = AppDelegate.swift; sourceTree = "<group>"; };
		0F0C2B072A9790CB003B7418 /* SceneDelegate.swift */ = {isa = PBXFileReference; lastKnownFileType = sourcecode.swift; path = SceneDelegate.swift; sourceTree = "<group>"; };
		0F0C2B0E2A9790CD003B7418 /* Assets.xcassets */ = {isa = PBXFileReference; lastKnownFileType = folder.assetcatalog; path = Assets.xcassets; sourceTree = "<group>"; };
		0F0C2B112A9790CD003B7418 /* Base */ = {isa = PBXFileReference; lastKnownFileType = file.storyboard; name = Base; path = Base.lproj/LaunchScreen.storyboard; sourceTree = "<group>"; };
		0F0C2B132A9790CD003B7418 /* Info.plist */ = {isa = PBXFileReference; lastKnownFileType = text.plist.xml; path = Info.plist; sourceTree = "<group>"; };
		0F0C2B1A2A9798A0003B7418 /* Extentions.swift */ = {isa = PBXFileReference; lastKnownFileType = sourcecode.swift; path = Extentions.swift; sourceTree = "<group>"; };
		0F0C2B2C2A979BF6003B7418 /* ProductListViewViewModel.swift */ = {isa = PBXFileReference; lastKnownFileType = sourcecode.swift; path = ProductListViewViewModel.swift; sourceTree = "<group>"; };
		0F0C2B2E2A979C20003B7418 /* ProductCollectionViewCellViewModel.swift */ = {isa = PBXFileReference; lastKnownFileType = sourcecode.swift; path = ProductCollectionViewCellViewModel.swift; sourceTree = "<group>"; };
		0F0C2B342A979CED003B7418 /* ProductListView.swift */ = {isa = PBXFileReference; lastKnownFileType = sourcecode.swift; path = ProductListView.swift; sourceTree = "<group>"; };
		0F0C2B362A979D29003B7418 /* ProductCollectionViewCell.swift */ = {isa = PBXFileReference; lastKnownFileType = sourcecode.swift; path = ProductCollectionViewCell.swift; sourceTree = "<group>"; };
		0F0C2B382A979EC8003B7418 /* ProductViewController.swift */ = {isa = PBXFileReference; lastKnownFileType = sourcecode.swift; path = ProductViewController.swift; sourceTree = "<group>"; };
		0F0C2B3A2A979EFF003B7418 /* ProductDetailViewController.swift */ = {isa = PBXFileReference; lastKnownFileType = sourcecode.swift; path = ProductDetailViewController.swift; sourceTree = "<group>"; };
		0F0C2B4E2A98B27E003B7418 /* Endpoint.swift */ = {isa = PBXFileReference; lastKnownFileType = sourcecode.swift; path = Endpoint.swift; sourceTree = "<group>"; };
		0F0C2B502A98B2E0003B7418 /* DetailProduct.swift */ = {isa = PBXFileReference; lastKnownFileType = sourcecode.swift; path = DetailProduct.swift; sourceTree = "<group>"; };
		0F0C2B522A98B387003B7418 /* Request.swift */ = {isa = PBXFileReference; fileEncoding = 4; lastKnownFileType = sourcecode.swift; path = Request.swift; sourceTree = "<group>"; };
		0F0C2B542A98B393003B7418 /* Service.swift */ = {isa = PBXFileReference; fileEncoding = 4; lastKnownFileType = sourcecode.swift; path = Service.swift; sourceTree = "<group>"; };
		0F0C2B612A9A390D003B7418 /* GetAllProductsResponse.swift */ = {isa = PBXFileReference; lastKnownFileType = sourcecode.swift; path = GetAllProductsResponse.swift; sourceTree = "<group>"; };
		0F0C2B672A9CE76A003B7418 /* ProductDetailViewViewModel.swift */ = {isa = PBXFileReference; lastKnownFileType = sourcecode.swift; path = ProductDetailViewViewModel.swift; sourceTree = "<group>"; };
		0F0C2B6B2A9DC5E3003B7418 /* APICacheManager.swift */ = {isa = PBXFileReference; lastKnownFileType = sourcecode.swift; path = APICacheManager.swift; sourceTree = "<group>"; };
		0F15837A2A9FAE4D00EF3A45 /* RetryButton.swift */ = {isa = PBXFileReference; lastKnownFileType = sourcecode.swift; path = RetryButton.swift; sourceTree = "<group>"; };
		0F15837C2A9FB4CB00EF3A45 /* SnackbarView.swift */ = {isa = PBXFileReference; lastKnownFileType = sourcecode.swift; path = SnackbarView.swift; sourceTree = "<group>"; };
		0F25ECE52A9DE4020085E534 /* ProductDetailView.swift */ = {isa = PBXFileReference; lastKnownFileType = sourcecode.swift; path = ProductDetailView.swift; sourceTree = "<group>"; };
		135F27E48C3EC5CAAE7B5C63 /* Pods-AvitoTestApp.debug.xcconfig */ = {isa = PBXFileReference; includeInIndex = 1; lastKnownFileType = text.xcconfig; name = "Pods-AvitoTestApp.debug.xcconfig"; path = "Target Support Files/Pods-AvitoTestApp/Pods-AvitoTestApp.debug.xcconfig"; sourceTree = "<group>"; };
		8CBF40AA47B401966BC7137B /* Pods_AvitoTestApp.framework */ = {isa = PBXFileReference; explicitFileType = wrapper.framework; includeInIndex = 0; path = Pods_AvitoTestApp.framework; sourceTree = BUILT_PRODUCTS_DIR; };
		AE36BA63DA3410DFACAF7F97 /* Pods-AvitoTestApp.release.xcconfig */ = {isa = PBXFileReference; includeInIndex = 1; lastKnownFileType = text.xcconfig; name = "Pods-AvitoTestApp.release.xcconfig"; path = "Target Support Files/Pods-AvitoTestApp/Pods-AvitoTestApp.release.xcconfig"; sourceTree = "<group>"; };
/* End PBXFileReference section */

/* Begin PBXFrameworksBuildPhase section */
		0F0C2AFF2A9790CB003B7418 /* Frameworks */ = {
			isa = PBXFrameworksBuildPhase;
			buildActionMask = 2147483647;
			files = (
				69A0CACC08D07048C9D3AC93 /* Pods_AvitoTestApp.framework in Frameworks */,
			);
			runOnlyForDeploymentPostprocessing = 0;
		};
/* End PBXFrameworksBuildPhase section */

/* Begin PBXGroup section */
		0F0C2AF92A9790CA003B7418 = {
			isa = PBXGroup;
			children = (
				0F0C2B042A9790CB003B7418 /* AvitoTestApp */,
				0F0C2B032A9790CB003B7418 /* Products */,
				1D7D98D1886D8190B28D41A7 /* Pods */,
				DF7CE58238BFAC6450AD32D0 /* Frameworks */,
			);
			sourceTree = "<group>";
		};
		0F0C2B032A9790CB003B7418 /* Products */ = {
			isa = PBXGroup;
			children = (
				0F0C2B022A9790CB003B7418 /* AvitoTestApp.app */,
			);
			name = Products;
			sourceTree = "<group>";
		};
		0F0C2B042A9790CB003B7418 /* AvitoTestApp */ = {
			isa = PBXGroup;
			children = (
				0F0C2B192A9797EE003B7418 /* Resources */,
				0F0C2B1C2A9798B2003B7418 /* Managers */,
				0F0C2B3C2A97A129003B7418 /* APIClient */,
				0F0C2B1E2A979902003B7418 /* ViewModels */,
				0F0C2B1F2A97991A003B7418 /* Views */,
				0F0C2B202A97993D003B7418 /* Models */,
				0F0C2B212A979952003B7418 /* Controllers */,
				0F0C2B132A9790CD003B7418 /* Info.plist */,
			);
			path = AvitoTestApp;
			sourceTree = "<group>";
		};
		0F0C2B192A9797EE003B7418 /* Resources */ = {
			isa = PBXGroup;
			children = (
				0F0C2B052A9790CB003B7418 /* AppDelegate.swift */,
				0F0C2B072A9790CB003B7418 /* SceneDelegate.swift */,
				0F0C2B0E2A9790CD003B7418 /* Assets.xcassets */,
				0F0C2B102A9790CD003B7418 /* LaunchScreen.storyboard */,
				0F0C2B1A2A9798A0003B7418 /* Extentions.swift */,
			);
			path = Resources;
			sourceTree = "<group>";
		};
		0F0C2B1C2A9798B2003B7418 /* Managers */ = {
			isa = PBXGroup;
			children = (
				0F0C2B6B2A9DC5E3003B7418 /* APICacheManager.swift */,
			);
			path = Managers;
			sourceTree = "<group>";
		};
		0F0C2B1E2A979902003B7418 /* ViewModels */ = {
			isa = PBXGroup;
			children = (
				0F0C2B2C2A979BF6003B7418 /* ProductListViewViewModel.swift */,
				0F0C2B2E2A979C20003B7418 /* ProductCollectionViewCellViewModel.swift */,
				0F0C2B672A9CE76A003B7418 /* ProductDetailViewViewModel.swift */,
			);
			path = ViewModels;
			sourceTree = "<group>";
		};
		0F0C2B1F2A97991A003B7418 /* Views */ = {
			isa = PBXGroup;
			children = (
				0F0C2B342A979CED003B7418 /* ProductListView.swift */,
				0F0C2B362A979D29003B7418 /* ProductCollectionViewCell.swift */,
				0F25ECE52A9DE4020085E534 /* ProductDetailView.swift */,
				0F15837A2A9FAE4D00EF3A45 /* RetryButton.swift */,
				0F15837C2A9FB4CB00EF3A45 /* SnackbarView.swift */,
			);
			path = Views;
			sourceTree = "<group>";
		};
		0F0C2B202A97993D003B7418 /* Models */ = {
			isa = PBXGroup;
			children = (
				0F0C2B612A9A390D003B7418 /* GetAllProductsResponse.swift */,
				0F0C2B502A98B2E0003B7418 /* DetailProduct.swift */,
			);
			path = Models;
			sourceTree = "<group>";
		};
		0F0C2B212A979952003B7418 /* Controllers */ = {
			isa = PBXGroup;
			children = (
				0F0C2B382A979EC8003B7418 /* ProductViewController.swift */,
				0F0C2B3A2A979EFF003B7418 /* ProductDetailViewController.swift */,
			);
			path = Controllers;
			sourceTree = "<group>";
		};
		0F0C2B3C2A97A129003B7418 /* APIClient */ = {
			isa = PBXGroup;
			children = (
				0F0C2B542A98B393003B7418 /* Service.swift */,
				0F0C2B522A98B387003B7418 /* Request.swift */,
				0F0C2B4E2A98B27E003B7418 /* Endpoint.swift */,
			);
			path = APIClient;
			sourceTree = "<group>";
		};
		1D7D98D1886D8190B28D41A7 /* Pods */ = {
			isa = PBXGroup;
			children = (
				135F27E48C3EC5CAAE7B5C63 /* Pods-AvitoTestApp.debug.xcconfig */,
				AE36BA63DA3410DFACAF7F97 /* Pods-AvitoTestApp.release.xcconfig */,
			);
			path = Pods;
			sourceTree = "<group>";
		};
		DF7CE58238BFAC6450AD32D0 /* Frameworks */ = {
			isa = PBXGroup;
			children = (
				8CBF40AA47B401966BC7137B /* Pods_AvitoTestApp.framework */,
			);
			name = Frameworks;
			sourceTree = "<group>";
		};
/* End PBXGroup section */

/* Begin PBXNativeTarget section */
		0F0C2B012A9790CB003B7418 /* AvitoTestApp */ = {
			isa = PBXNativeTarget;
			buildConfigurationList = 0F0C2B162A9790CD003B7418 /* Build configuration list for PBXNativeTarget "AvitoTestApp" */;
			buildPhases = (
				7B86960D370FDF9F34C61060 /* [CP] Check Pods Manifest.lock */,
				0F0C2AFE2A9790CB003B7418 /* Sources */,
				0F0C2AFF2A9790CB003B7418 /* Frameworks */,
				0F0C2B002A9790CB003B7418 /* Resources */,
				3CB32E57C16FB6829D9EB2F6 /* [CP] Embed Pods Frameworks */,
			);
			buildRules = (
			);
			dependencies = (
			);
			name = AvitoTestApp;
			productName = AvitoTestApp;
			productReference = 0F0C2B022A9790CB003B7418 /* AvitoTestApp.app */;
			productType = "com.apple.product-type.application";
		};
/* End PBXNativeTarget section */

/* Begin PBXProject section */
		0F0C2AFA2A9790CA003B7418 /* Project object */ = {
			isa = PBXProject;
			attributes = {
				BuildIndependentTargetsInParallel = 1;
				LastSwiftUpdateCheck = 1420;
				LastUpgradeCheck = 1420;
				TargetAttributes = {
					0F0C2B012A9790CB003B7418 = {
						CreatedOnToolsVersion = 14.2;
					};
				};
			};
			buildConfigurationList = 0F0C2AFD2A9790CA003B7418 /* Build configuration list for PBXProject "AvitoTestApp" */;
			compatibilityVersion = "Xcode 14.0";
			developmentRegion = en;
			hasScannedForEncodings = 0;
			knownRegions = (
				en,
				Base,
			);
			mainGroup = 0F0C2AF92A9790CA003B7418;
			productRefGroup = 0F0C2B032A9790CB003B7418 /* Products */;
			projectDirPath = "";
			projectRoot = "";
			targets = (
				0F0C2B012A9790CB003B7418 /* AvitoTestApp */,
			);
		};
/* End PBXProject section */

/* Begin PBXResourcesBuildPhase section */
		0F0C2B002A9790CB003B7418 /* Resources */ = {
			isa = PBXResourcesBuildPhase;
			buildActionMask = 2147483647;
			files = (
				0F0C2B122A9790CD003B7418 /* LaunchScreen.storyboard in Resources */,
				0F0C2B0F2A9790CD003B7418 /* Assets.xcassets in Resources */,
			);
			runOnlyForDeploymentPostprocessing = 0;
		};
/* End PBXResourcesBuildPhase section */

/* Begin PBXShellScriptBuildPhase section */
		3CB32E57C16FB6829D9EB2F6 /* [CP] Embed Pods Frameworks */ = {
			isa = PBXShellScriptBuildPhase;
			buildActionMask = 2147483647;
			files = (
			);
			inputFileListPaths = (
				"${PODS_ROOT}/Target Support Files/Pods-AvitoTestApp/Pods-AvitoTestApp-frameworks-${CONFIGURATION}-input-files.xcfilelist",
			);
			name = "[CP] Embed Pods Frameworks";
			outputFileListPaths = (
				"${PODS_ROOT}/Target Support Files/Pods-AvitoTestApp/Pods-AvitoTestApp-frameworks-${CONFIGURATION}-output-files.xcfilelist",
			);
			runOnlyForDeploymentPostprocessing = 0;
			shellPath = /bin/sh;
			shellScript = "\"${PODS_ROOT}/Target Support Files/Pods-AvitoTestApp/Pods-AvitoTestApp-frameworks.sh\"\n";
			showEnvVarsInLog = 0;
		};
		7B86960D370FDF9F34C61060 /* [CP] Check Pods Manifest.lock */ = {
			isa = PBXShellScriptBuildPhase;
			buildActionMask = 2147483647;
			files = (
			);
			inputFileListPaths = (
			);
			inputPaths = (
				"${PODS_PODFILE_DIR_PATH}/Podfile.lock",
				"${PODS_ROOT}/Manifest.lock",
			);
			name = "[CP] Check Pods Manifest.lock";
			outputFileListPaths = (
			);
			outputPaths = (
				"$(DERIVED_FILE_DIR)/Pods-AvitoTestApp-checkManifestLockResult.txt",
			);
			runOnlyForDeploymentPostprocessing = 0;
			shellPath = /bin/sh;
			shellScript = "diff \"${PODS_PODFILE_DIR_PATH}/Podfile.lock\" \"${PODS_ROOT}/Manifest.lock\" > /dev/null\nif [ $? != 0 ] ; then\n    # print error to STDERR\n    echo \"error: The sandbox is not in sync with the Podfile.lock. Run 'pod install' or update your CocoaPods installation.\" >&2\n    exit 1\nfi\n# This output is used by Xcode 'outputs' to avoid re-running this script phase.\necho \"SUCCESS\" > \"${SCRIPT_OUTPUT_FILE_0}\"\n";
			showEnvVarsInLog = 0;
		};
/* End PBXShellScriptBuildPhase section */

/* Begin PBXSourcesBuildPhase section */
		0F0C2AFE2A9790CB003B7418 /* Sources */ = {
			isa = PBXSourcesBuildPhase;
			buildActionMask = 2147483647;
			files = (
				0F0C2B1B2A9798A0003B7418 /* Extentions.swift in Sources */,
				0F0C2B552A98B393003B7418 /* Service.swift in Sources */,
				0F15837B2A9FAE4D00EF3A45 /* RetryButton.swift in Sources */,
				0F0C2B532A98B387003B7418 /* Request.swift in Sources */,
				0F0C2B2F2A979C20003B7418 /* ProductCollectionViewCellViewModel.swift in Sources */,
				0F0C2B622A9A390E003B7418 /* GetAllProductsResponse.swift in Sources */,
				0F25ECE62A9DE4020085E534 /* ProductDetailView.swift in Sources */,
				0F0C2B372A979D29003B7418 /* ProductCollectionViewCell.swift in Sources */,
				0F0C2B392A979EC8003B7418 /* ProductViewController.swift in Sources */,
				0F0C2B3B2A979EFF003B7418 /* ProductDetailViewController.swift in Sources */,
				0F0C2B352A979CED003B7418 /* ProductListView.swift in Sources */,
				0F0C2B062A9790CB003B7418 /* AppDelegate.swift in Sources */,
				0F0C2B2D2A979BF6003B7418 /* ProductListViewViewModel.swift in Sources */,
				0F0C2B082A9790CB003B7418 /* SceneDelegate.swift in Sources */,
				0F15837D2A9FB4CB00EF3A45 /* SnackbarView.swift in Sources */,
				0F0C2B4F2A98B27E003B7418 /* Endpoint.swift in Sources */,
				0F0C2B512A98B2E0003B7418 /* DetailProduct.swift in Sources */,
				0F0C2B6C2A9DC5E3003B7418 /* APICacheManager.swift in Sources */,
				0F0C2B682A9CE76A003B7418 /* ProductDetailViewViewModel.swift in Sources */,
			);
			runOnlyForDeploymentPostprocessing = 0;
		};
/* End PBXSourcesBuildPhase section */

/* Begin PBXVariantGroup section */
		0F0C2B102A9790CD003B7418 /* LaunchScreen.storyboard */ = {
			isa = PBXVariantGroup;
			children = (
				0F0C2B112A9790CD003B7418 /* Base */,
			);
			name = LaunchScreen.storyboard;
			sourceTree = "<group>";
		};
/* End PBXVariantGroup section */

/* Begin XCBuildConfiguration section */
		0F0C2B142A9790CD003B7418 /* Debug */ = {
			isa = XCBuildConfiguration;
			buildSettings = {
				ALWAYS_SEARCH_USER_PATHS = NO;
				CLANG_ANALYZER_NONNULL = YES;
				CLANG_ANALYZER_NUMBER_OBJECT_CONVERSION = YES_AGGRESSIVE;
				CLANG_CXX_LANGUAGE_STANDARD = "gnu++20";
				CLANG_ENABLE_MODULES = YES;
				CLANG_ENABLE_OBJC_ARC = YES;
				CLANG_ENABLE_OBJC_WEAK = YES;
				CLANG_WARN_BLOCK_CAPTURE_AUTORELEASING = YES;
				CLANG_WARN_BOOL_CONVERSION = YES;
				CLANG_WARN_COMMA = YES;
				CLANG_WARN_CONSTANT_CONVERSION = YES;
				CLANG_WARN_DEPRECATED_OBJC_IMPLEMENTATIONS = YES;
				CLANG_WARN_DIRECT_OBJC_ISA_USAGE = YES_ERROR;
				CLANG_WARN_DOCUMENTATION_COMMENTS = YES;
				CLANG_WARN_EMPTY_BODY = YES;
				CLANG_WARN_ENUM_CONVERSION = YES;
				CLANG_WARN_INFINITE_RECURSION = YES;
				CLANG_WARN_INT_CONVERSION = YES;
				CLANG_WARN_NON_LITERAL_NULL_CONVERSION = YES;
				CLANG_WARN_OBJC_IMPLICIT_RETAIN_SELF = YES;
				CLANG_WARN_OBJC_LITERAL_CONVERSION = YES;
				CLANG_WARN_OBJC_ROOT_CLASS = YES_ERROR;
				CLANG_WARN_QUOTED_INCLUDE_IN_FRAMEWORK_HEADER = YES;
				CLANG_WARN_RANGE_LOOP_ANALYSIS = YES;
				CLANG_WARN_STRICT_PROTOTYPES = YES;
				CLANG_WARN_SUSPICIOUS_MOVE = YES;
				CLANG_WARN_UNGUARDED_AVAILABILITY = YES_AGGRESSIVE;
				CLANG_WARN_UNREACHABLE_CODE = YES;
				CLANG_WARN__DUPLICATE_METHOD_MATCH = YES;
				COPY_PHASE_STRIP = NO;
				DEBUG_INFORMATION_FORMAT = dwarf;
				ENABLE_STRICT_OBJC_MSGSEND = YES;
				ENABLE_TESTABILITY = YES;
				GCC_C_LANGUAGE_STANDARD = gnu11;
				GCC_DYNAMIC_NO_PIC = NO;
				GCC_NO_COMMON_BLOCKS = YES;
				GCC_OPTIMIZATION_LEVEL = 0;
				GCC_PREPROCESSOR_DEFINITIONS = (
					"DEBUG=1",
					"$(inherited)",
				);
				GCC_WARN_64_TO_32_BIT_CONVERSION = YES;
				GCC_WARN_ABOUT_RETURN_TYPE = YES_ERROR;
				GCC_WARN_UNDECLARED_SELECTOR = YES;
				GCC_WARN_UNINITIALIZED_AUTOS = YES_AGGRESSIVE;
				GCC_WARN_UNUSED_FUNCTION = YES;
				GCC_WARN_UNUSED_VARIABLE = YES;
				IPHONEOS_DEPLOYMENT_TARGET = 16.2;
				MTL_ENABLE_DEBUG_INFO = INCLUDE_SOURCE;
				MTL_FAST_MATH = YES;
				ONLY_ACTIVE_ARCH = YES;
				SDKROOT = iphoneos;
				SWIFT_ACTIVE_COMPILATION_CONDITIONS = DEBUG;
				SWIFT_OPTIMIZATION_LEVEL = "-Onone";
			};
			name = Debug;
		};
		0F0C2B152A9790CD003B7418 /* Release */ = {
			isa = XCBuildConfiguration;
			buildSettings = {
				ALWAYS_SEARCH_USER_PATHS = NO;
				CLANG_ANALYZER_NONNULL = YES;
				CLANG_ANALYZER_NUMBER_OBJECT_CONVERSION = YES_AGGRESSIVE;
				CLANG_CXX_LANGUAGE_STANDARD = "gnu++20";
				CLANG_ENABLE_MODULES = YES;
				CLANG_ENABLE_OBJC_ARC = YES;
				CLANG_ENABLE_OBJC_WEAK = YES;
				CLANG_WARN_BLOCK_CAPTURE_AUTORELEASING = YES;
				CLANG_WARN_BOOL_CONVERSION = YES;
				CLANG_WARN_COMMA = YES;
				CLANG_WARN_CONSTANT_CONVERSION = YES;
				CLANG_WARN_DEPRECATED_OBJC_IMPLEMENTATIONS = YES;
				CLANG_WARN_DIRECT_OBJC_ISA_USAGE = YES_ERROR;
				CLANG_WARN_DOCUMENTATION_COMMENTS = YES;
				CLANG_WARN_EMPTY_BODY = YES;
				CLANG_WARN_ENUM_CONVERSION = YES;
				CLANG_WARN_INFINITE_RECURSION = YES;
				CLANG_WARN_INT_CONVERSION = YES;
				CLANG_WARN_NON_LITERAL_NULL_CONVERSION = YES;
				CLANG_WARN_OBJC_IMPLICIT_RETAIN_SELF = YES;
				CLANG_WARN_OBJC_LITERAL_CONVERSION = YES;
				CLANG_WARN_OBJC_ROOT_CLASS = YES_ERROR;
				CLANG_WARN_QUOTED_INCLUDE_IN_FRAMEWORK_HEADER = YES;
				CLANG_WARN_RANGE_LOOP_ANALYSIS = YES;
				CLANG_WARN_STRICT_PROTOTYPES = YES;
				CLANG_WARN_SUSPICIOUS_MOVE = YES;
				CLANG_WARN_UNGUARDED_AVAILABILITY = YES_AGGRESSIVE;
				CLANG_WARN_UNREACHABLE_CODE = YES;
				CLANG_WARN__DUPLICATE_METHOD_MATCH = YES;
				COPY_PHASE_STRIP = NO;
				DEBUG_INFORMATION_FORMAT = "dwarf-with-dsym";
				ENABLE_NS_ASSERTIONS = NO;
				ENABLE_STRICT_OBJC_MSGSEND = YES;
				GCC_C_LANGUAGE_STANDARD = gnu11;
				GCC_NO_COMMON_BLOCKS = YES;
				GCC_WARN_64_TO_32_BIT_CONVERSION = YES;
				GCC_WARN_ABOUT_RETURN_TYPE = YES_ERROR;
				GCC_WARN_UNDECLARED_SELECTOR = YES;
				GCC_WARN_UNINITIALIZED_AUTOS = YES_AGGRESSIVE;
				GCC_WARN_UNUSED_FUNCTION = YES;
				GCC_WARN_UNUSED_VARIABLE = YES;
				IPHONEOS_DEPLOYMENT_TARGET = 16.2;
				MTL_ENABLE_DEBUG_INFO = NO;
				MTL_FAST_MATH = YES;
				SDKROOT = iphoneos;
				SWIFT_COMPILATION_MODE = wholemodule;
				SWIFT_OPTIMIZATION_LEVEL = "-O";
				VALIDATE_PRODUCT = YES;
			};
			name = Release;
		};
		0F0C2B172A9790CD003B7418 /* Debug */ = {
			isa = XCBuildConfiguration;
			baseConfigurationReference = 135F27E48C3EC5CAAE7B5C63 /* Pods-AvitoTestApp.debug.xcconfig */;
			buildSettings = {
				ASSETCATALOG_COMPILER_APPICON_NAME = AppIcon;
				ASSETCATALOG_COMPILER_GLOBAL_ACCENT_COLOR_NAME = AccentColor;
				CODE_SIGN_STYLE = Automatic;
				CURRENT_PROJECT_VERSION = 1;
				GENERATE_INFOPLIST_FILE = YES;
				INFOPLIST_FILE = AvitoTestApp/Info.plist;
				INFOPLIST_KEY_UIApplicationSupportsIndirectInputEvents = YES;
				INFOPLIST_KEY_UILaunchStoryboardName = LaunchScreen;
				INFOPLIST_KEY_UISupportedInterfaceOrientations_iPad = "UIInterfaceOrientationPortrait UIInterfaceOrientationPortraitUpsideDown UIInterfaceOrientationLandscapeLeft UIInterfaceOrientationLandscapeRight";
				INFOPLIST_KEY_UISupportedInterfaceOrientations_iPhone = "UIInterfaceOrientationPortrait UIInterfaceOrientationLandscapeLeft UIInterfaceOrientationLandscapeRight";
				IPHONEOS_DEPLOYMENT_TARGET = 16.2;
				LD_RUNPATH_SEARCH_PATHS = (
					"$(inherited)",
					"@executable_path/Frameworks",
				);
				MARKETING_VERSION = 1.0;
				PRODUCT_BUNDLE_IDENTIFIER = olgash.AvitoTestApp;
				PRODUCT_NAME = "$(TARGET_NAME)";
				SUPPORTED_PLATFORMS = "iphoneos iphonesimulator";
				SUPPORTS_MACCATALYST = NO;
				SUPPORTS_MAC_DESIGNED_FOR_IPHONE_IPAD = NO;
				SWIFT_EMIT_LOC_STRINGS = YES;
				SWIFT_VERSION = 5.0;
				TARGETED_DEVICE_FAMILY = 1;
			};
			name = Debug;
		};
		0F0C2B182A9790CD003B7418 /* Release */ = {
			isa = XCBuildConfiguration;
			baseConfigurationReference = AE36BA63DA3410DFACAF7F97 /* Pods-AvitoTestApp.release.xcconfig */;
			buildSettings = {
				ASSETCATALOG_COMPILER_APPICON_NAME = AppIcon;
				ASSETCATALOG_COMPILER_GLOBAL_ACCENT_COLOR_NAME = AccentColor;
				CODE_SIGN_STYLE = Automatic;
				CURRENT_PROJECT_VERSION = 1;
				GENERATE_INFOPLIST_FILE = YES;
				INFOPLIST_FILE = AvitoTestApp/Info.plist;
				INFOPLIST_KEY_UIApplicationSupportsIndirectInputEvents = YES;
				INFOPLIST_KEY_UILaunchStoryboardName = LaunchScreen;
				INFOPLIST_KEY_UISupportedInterfaceOrientations_iPad = "UIInterfaceOrientationPortrait UIInterfaceOrientationPortraitUpsideDown UIInterfaceOrientationLandscapeLeft UIInterfaceOrientationLandscapeRight";
				INFOPLIST_KEY_UISupportedInterfaceOrientations_iPhone = "UIInterfaceOrientationPortrait UIInterfaceOrientationLandscapeLeft UIInterfaceOrientationLandscapeRight";
				IPHONEOS_DEPLOYMENT_TARGET = 16.2;
				LD_RUNPATH_SEARCH_PATHS = (
					"$(inherited)",
					"@executable_path/Frameworks",
				);
				MARKETING_VERSION = 1.0;
				PRODUCT_BUNDLE_IDENTIFIER = olgash.AvitoTestApp;
				PRODUCT_NAME = "$(TARGET_NAME)";
				SUPPORTED_PLATFORMS = "iphoneos iphonesimulator";
				SUPPORTS_MACCATALYST = NO;
				SUPPORTS_MAC_DESIGNED_FOR_IPHONE_IPAD = NO;
				SWIFT_EMIT_LOC_STRINGS = YES;
				SWIFT_VERSION = 5.0;
				TARGETED_DEVICE_FAMILY = 1;
			};
			name = Release;
		};
/* End XCBuildConfiguration section */

/* Begin XCConfigurationList section */
		0F0C2AFD2A9790CA003B7418 /* Build configuration list for PBXProject "AvitoTestApp" */ = {
			isa = XCConfigurationList;
			buildConfigurations = (
				0F0C2B142A9790CD003B7418 /* Debug */,
				0F0C2B152A9790CD003B7418 /* Release */,
			);
			defaultConfigurationIsVisible = 0;
			defaultConfigurationName = Release;
		};
		0F0C2B162A9790CD003B7418 /* Build configuration list for PBXNativeTarget "AvitoTestApp" */ = {
			isa = XCConfigurationList;
			buildConfigurations = (
				0F0C2B172A9790CD003B7418 /* Debug */,
				0F0C2B182A9790CD003B7418 /* Release */,
			);
			defaultConfigurationIsVisible = 0;
			defaultConfigurationName = Release;
		};
/* End XCConfigurationList section */
	};
	rootObject = 0F0C2AFA2A9790CA003B7418 /* Project object */;
}
